
Microsoft Visual Studio Solution File, Format Version 12.00
# Visual Studio 14
VisualStudioVersion = 14.0.25420.1
MinimumVisualStudioVersion = 10.0.40219.1
Project("{FAE04EC0-301F-11D3-BF4B-00C04F79EFBC}") = "adventofcode2016", "adventofcode2016\adventofcode2016.csproj", "{078A7036-2635-4439-8C51-C7F4A9B3AFFE}"
EndProject
Project("{FAE04EC0-301F-11D3-BF4B-00C04F79EFBC}") = "adventofcode2016test", "adventofcode2016test\adventofcode2016test.csproj", "{5594E517-8CC0-4B4B-B5A1-093B465661D1}"
EndProject
Global
	GlobalSection(SolutionConfigurationPlatforms) = preSolution
		Debug|Any CPU = Debug|Any CPU
		Release|Any CPU = Release|Any CPU
	EndGlobalSection
	GlobalSection(ProjectConfigurationPlatforms) = postSolution
		{078A7036-2635-4439-8C51-C7F4A9B3AFFE}.Debug|Any CPU.ActiveCfg = Debug|Any CPU
		{078A7036-2635-4439-8C51-C7F4A9B3AFFE}.Debug|Any CPU.Build.0 = Debug|Any CPU
		{078A7036-2635-4439-8C51-C7F4A9B3AFFE}.Release|Any CPU.ActiveCfg = Release|Any CPU
		{078A7036-2635-4439-8C51-C7F4A9B3AFFE}.Release|Any CPU.Build.0 = Release|Any CPU
		{5594E517-8CC0-4B4B-B5A1-093B465661D1}.Debug|Any CPU.ActiveCfg = Debug|Any CPU
		{5594E517-8CC0-4B4B-B5A1-093B465661D1}.Debug|Any CPU.Build.0 = Debug|Any CPU
		{5594E517-8CC0-4B4B-B5A1-093B465661D1}.Release|Any CPU.ActiveCfg = Release|Any CPU
		{5594E517-8CC0-4B4B-B5A1-093B465661D1}.Release|Any CPU.Build.0 = Release|Any CPU
	EndGlobalSection
	GlobalSection(SolutionProperties) = preSolution
		HideSolutionNode = FALSE
	EndGlobalSection
EndGlobal
